
Microsoft Visual Studio Solution File, Format Version 12.00
# Visual Studio Version 17
VisualStudioVersion = 17.3.32929.385
MinimumVisualStudioVersion = 10.0.40219.1
Project("{FAE04EC0-301F-11D3-BF4B-00C04F79EFBC}") = "RedisSample.API", "RedisSample.API\RedisSample.API.csproj", "{1A5A361B-5B24-4A82-AC23-775EF5BF27AF}"
EndProject
Project("{E53339B2-1760-4266-BCC7-CA923CBCF16C}") = "docker-compose", "docker-compose.dcproj", "{AF943E53-E7C4-4C79-93CB-64D9BF3041CE}"
EndProject
Global
	GlobalSection(SolutionConfigurationPlatforms) = preSolution
		Debug|Any CPU = Debug|Any CPU
		Release|Any CPU = Release|Any CPU
	EndGlobalSection
	GlobalSection(ProjectConfigurationPlatforms) = postSolution
		{1A5A361B-5B24-4A82-AC23-775EF5BF27AF}.Debug|Any CPU.ActiveCfg = Debug|Any CPU
		{1A5A361B-5B24-4A82-AC23-775EF5BF27AF}.Debug|Any CPU.Build.0 = Debug|Any CPU
		{1A5A361B-5B24-4A82-AC23-775EF5BF27AF}.Release|Any CPU.ActiveCfg = Release|Any CPU
		{1A5A361B-5B24-4A82-AC23-775EF5BF27AF}.Release|Any CPU.Build.0 = Release|Any CPU
		{AF943E53-E7C4-4C79-93CB-64D9BF3041CE}.Debug|Any CPU.ActiveCfg = Debug|Any CPU
		{AF943E53-E7C4-4C79-93CB-64D9BF3041CE}.Debug|Any CPU.Build.0 = Debug|Any CPU
		{AF943E53-E7C4-4C79-93CB-64D9BF3041CE}.Release|Any CPU.ActiveCfg = Release|Any CPU
		{AF943E53-E7C4-4C79-93CB-64D9BF3041CE}.Release|Any CPU.Build.0 = Release|Any CPU
	EndGlobalSection
	GlobalSection(SolutionProperties) = preSolution
		HideSolutionNode = FALSE
	EndGlobalSection
	GlobalSection(ExtensibilityGlobals) = postSolution
		SolutionGuid = {00D3BA03-A28D-401A-A297-56CD0504E5F2}
	EndGlobalSection
EndGlobal
